
Microsoft Visual Studio Solution File, Format Version 12.00
# Visual Studio Version 17
VisualStudioVersion = 17.7.34031.279
MinimumVisualStudioVersion = 10.0.40219.1
Project("{FAE04EC0-301F-11D3-BF4B-00C04F79EFBC}") = "RandomCapitals", "RandomCapitals\RandomCapitals.csproj", "{1C10356E-13C4-4E15-8E32-A598BD8BBDB4}"
EndProject
Global
	GlobalSection(SolutionConfigurationPlatforms) = preSolution
		Debug|Any CPU = Debug|Any CPU
		Release|Any CPU = Release|Any CPU
	EndGlobalSection
	GlobalSection(ProjectConfigurationPlatforms) = postSolution
		{1C10356E-13C4-4E15-8E32-A598BD8BBDB4}.Debug|Any CPU.ActiveCfg = Debug|Any CPU
		{1C10356E-13C4-4E15-8E32-A598BD8BBDB4}.Debug|Any CPU.Build.0 = Debug|Any CPU
		{1C10356E-13C4-4E15-8E32-A598BD8BBDB4}.Release|Any CPU.ActiveCfg = Release|Any CPU
		{1C10356E-13C4-4E15-8E32-A598BD8BBDB4}.Release|Any CPU.Build.0 = Release|Any CPU
	EndGlobalSection
	GlobalSection(SolutionProperties) = preSolution
		HideSolutionNode = FALSE
	EndGlobalSection
	GlobalSection(ExtensibilityGlobals) = postSolution
		SolutionGuid = {6B92B5B7-8F08-4DBB-B410-838B6C8E115C}
	EndGlobalSection
EndGlobal
